
Microsoft Visual Studio Solution File, Format Version 12.00
# Visual Studio Version 17
VisualStudioVersion = 17.5.33516.290
MinimumVisualStudioVersion = 10.0.40219.1
Project("{FAE04EC0-301F-11D3-BF4B-00C04F79EFBC}") = "Domain", "Domain\Domain.csproj", "{0A37D5FB-C109-48A5-8B26-22A42A7485A6}"
EndProject
Project("{FAE04EC0-301F-11D3-BF4B-00C04F79EFBC}") = "Application", "Application\Application.csproj", "{32DF5243-5410-49E9-B258-BEE165C4BCF3}"
EndProject
Project("{FAE04EC0-301F-11D3-BF4B-00C04F79EFBC}") = "Presentation", "Presentation\Presentation.csproj", "{A3838696-D47E-46EA-ACFF-554271774D80}"
EndProject
Project("{2150E333-8FDC-42A3-9474-1A3956D46DE8}") = "Infrastructure", "Infrastructure", "{C10C58F1-4DE1-4B45-9A62-F209CA688219}"
EndProject
Project("{9A19103F-16F7-4668-BE54-9A1E7A4F7556}") = "Infrastructure.EFCore", "Infrastructure\Infrastructure.EFCore\Infrastructure.EFCore.csproj", "{6C145EC1-C419-4943-9314-A4D0980BB69A}"
EndProject
Project("{FAE04EC0-301F-11D3-BF4B-00C04F79EFBC}") = "Infrastructure.MongoDB", "Infrastructure\Infrastructure.MongoDB\Infrastructure.MongoDB.csproj", "{22116F0D-E916-413B-AA72-2FF9F62D0FF6}"
EndProject
Project("{FAE04EC0-301F-11D3-BF4B-00C04F79EFBC}") = "Core", "Core\Core.csproj", "{1D81AA92-3074-4875-81B6-53947BD1A079}"
EndProject
Global
	GlobalSection(SolutionConfigurationPlatforms) = preSolution
		Debug|Any CPU = Debug|Any CPU
		Release|Any CPU = Release|Any CPU
	EndGlobalSection
	GlobalSection(ProjectConfigurationPlatforms) = postSolution
		{0A37D5FB-C109-48A5-8B26-22A42A7485A6}.Debug|Any CPU.ActiveCfg = Debug|Any CPU
		{0A37D5FB-C109-48A5-8B26-22A42A7485A6}.Debug|Any CPU.Build.0 = Debug|Any CPU
		{0A37D5FB-C109-48A5-8B26-22A42A7485A6}.Release|Any CPU.ActiveCfg = Release|Any CPU
		{0A37D5FB-C109-48A5-8B26-22A42A7485A6}.Release|Any CPU.Build.0 = Release|Any CPU
		{32DF5243-5410-49E9-B258-BEE165C4BCF3}.Debug|Any CPU.ActiveCfg = Debug|Any CPU
		{32DF5243-5410-49E9-B258-BEE165C4BCF3}.Debug|Any CPU.Build.0 = Debug|Any CPU
		{32DF5243-5410-49E9-B258-BEE165C4BCF3}.Release|Any CPU.ActiveCfg = Release|Any CPU
		{32DF5243-5410-49E9-B258-BEE165C4BCF3}.Release|Any CPU.Build.0 = Release|Any CPU
		{A3838696-D47E-46EA-ACFF-554271774D80}.Debug|Any CPU.ActiveCfg = Debug|Any CPU
		{A3838696-D47E-46EA-ACFF-554271774D80}.Debug|Any CPU.Build.0 = Debug|Any CPU
		{A3838696-D47E-46EA-ACFF-554271774D80}.Release|Any CPU.ActiveCfg = Release|Any CPU
		{A3838696-D47E-46EA-ACFF-554271774D80}.Release|Any CPU.Build.0 = Release|Any CPU
		{6C145EC1-C419-4943-9314-A4D0980BB69A}.Debug|Any CPU.ActiveCfg = Debug|Any CPU
		{6C145EC1-C419-4943-9314-A4D0980BB69A}.Debug|Any CPU.Build.0 = Debug|Any CPU
		{6C145EC1-C419-4943-9314-A4D0980BB69A}.Release|Any CPU.ActiveCfg = Release|Any CPU
		{6C145EC1-C419-4943-9314-A4D0980BB69A}.Release|Any CPU.Build.0 = Release|Any CPU
		{22116F0D-E916-413B-AA72-2FF9F62D0FF6}.Debug|Any CPU.ActiveCfg = Debug|Any CPU
		{22116F0D-E916-413B-AA72-2FF9F62D0FF6}.Debug|Any CPU.Build.0 = Debug|Any CPU
		{22116F0D-E916-413B-AA72-2FF9F62D0FF6}.Release|Any CPU.ActiveCfg = Release|Any CPU
		{22116F0D-E916-413B-AA72-2FF9F62D0FF6}.Release|Any CPU.Build.0 = Release|Any CPU
		{1D81AA92-3074-4875-81B6-53947BD1A079}.Debug|Any CPU.ActiveCfg = Debug|Any CPU
		{1D81AA92-3074-4875-81B6-53947BD1A079}.Debug|Any CPU.Build.0 = Debug|Any CPU
		{1D81AA92-3074-4875-81B6-53947BD1A079}.Release|Any CPU.ActiveCfg = Release|Any CPU
		{1D81AA92-3074-4875-81B6-53947BD1A079}.Release|Any CPU.Build.0 = Release|Any CPU
	EndGlobalSection
	GlobalSection(SolutionProperties) = preSolution
		HideSolutionNode = FALSE
	EndGlobalSection
	GlobalSection(NestedProjects) = preSolution
		{6C145EC1-C419-4943-9314-A4D0980BB69A} = {C10C58F1-4DE1-4B45-9A62-F209CA688219}
		{22116F0D-E916-413B-AA72-2FF9F62D0FF6} = {C10C58F1-4DE1-4B45-9A62-F209CA688219}
	EndGlobalSection
	GlobalSection(ExtensibilityGlobals) = postSolution
		SolutionGuid = {EBE6D89E-335E-4F55-A124-6990EF858C09}
	EndGlobalSection
EndGlobal
