
Microsoft Visual Studio Solution File, Format Version 12.00
# Visual Studio Version 17
VisualStudioVersion = 17.5.33516.290
MinimumVisualStudioVersion = 10.0.40219.1
Project("{2150E333-8FDC-42A3-9474-1A3956D46DE8}") = "BaseArch.Infrastructures", "BaseArch.Infrastructures", "{9B09A6DE-5435-48D8-B519-B55AEED5FE31}"
EndProject
Project("{2150E333-8FDC-42A3-9474-1A3956D46DE8}") = "BaseArchSample", "BaseArchSample", "{9444318B-A5E1-47EC-A87A-987D81C54F0B}"
EndProject
Project("{9A19103F-16F7-4668-BE54-9A1E7A4F7556}") = "Presentation", "BaseArchSample\Presentation\Presentation.csproj", "{1871DBC8-F584-4F55-B0DE-1A7AFC3A1944}"
EndProject
Project("{9A19103F-16F7-4668-BE54-9A1E7A4F7556}") = "Application", "BaseArchSample\Application\Application.csproj", "{94791682-291E-4EDE-9D59-995174EC95B3}"
EndProject
Project("{9A19103F-16F7-4668-BE54-9A1E7A4F7556}") = "Domain", "BaseArchSample\Domain\Domain.csproj", "{F70F1057-AE75-4B4C-B0F6-0307037685B3}"
EndProject
Project("{9A19103F-16F7-4668-BE54-9A1E7A4F7556}") = "Infrastructure", "BaseArchSample\Infrastructure\Infrastructure.csproj", "{591788D3-06F1-42BC-93EF-CAF933011B90}"
EndProject
Project("{9A19103F-16F7-4668-BE54-9A1E7A4F7556}") = "Host", "BaseArchSample\Host\Host.csproj", "{B1B8EACD-81D6-4FF3-AC94-64E481450309}"
EndProject
Project("{9A19103F-16F7-4668-BE54-9A1E7A4F7556}") = "BaseArch.Domain", "BaseArch.Domain\BaseArch.Domain.csproj", "{53B8F34C-3CC3-472B-B5D6-A19708D10F8C}"
EndProject
Project("{9A19103F-16F7-4668-BE54-9A1E7A4F7556}") = "BaseArch.Infrastructure.EFCore", "BaseArch.Infrastructures\BaseArch.Infrastructure.EFCore\BaseArch.Infrastructure.EFCore.csproj", "{06FC4612-CB5A-48E9-A05E-1EEEC29F0AE2}"
EndProject
Project("{9A19103F-16F7-4668-BE54-9A1E7A4F7556}") = "BaseArch.Infrastructure.MongoDB", "BaseArch.Infrastructures\BaseArch.Infrastructure.MongoDB\BaseArch.Infrastructure.MongoDB.csproj", "{C4260D2C-8E85-4364-BED3-E5BE4F36DD42}"
EndProject
Project("{2150E333-8FDC-42A3-9474-1A3956D46DE8}") = "BaseArch.Presentations", "BaseArch.Presentations", "{EC73A8D8-EB64-414B-8D5D-79F54CC71151}"
EndProject
Project("{9A19103F-16F7-4668-BE54-9A1E7A4F7556}") = "BaseArch.Presentation.RestApi", "BaseArch.Presentations\BaseArch.Presentation.RestApi\BaseArch.Presentation.RestApi.csproj", "{013582FB-A170-4386-917D-A2C66D02E975}"
EndProject
Project("{9A19103F-16F7-4668-BE54-9A1E7A4F7556}") = "BaseArch.Presentation.gRPC", "BaseArch.Presentations\BaseArch.Presentation.gRPC\BaseArch.Presentation.gRPC.csproj", "{57356C69-94C1-4AF8-B829-A8CC148B06A1}"
EndProject
Project("{9A19103F-16F7-4668-BE54-9A1E7A4F7556}") = "BaseArch.Infrastructure.DependencyInjection", "BaseArch.Infrastructures\BaseArch.Infrastructure.DependencyInjection\BaseArch.Infrastructure.DependencyInjection.csproj", "{945F55C0-D69A-4813-BC98-1E694FA92B30}"
EndProject
Project("{2150E333-8FDC-42A3-9474-1A3956D46DE8}") = "BaseArch.Applications", "BaseArch.Applications", "{79EA6F2B-EEBC-4E99-8F5B-D4E5435E7BD8}"
EndProject
Project("{9A19103F-16F7-4668-BE54-9A1E7A4F7556}") = "BaseArch.Infrastructure", "BaseArch.Infrastructures\BaseArch.Infrastructure\BaseArch.Infrastructure.csproj", "{33A027DB-B97D-42EF-9DEA-54A6CCA2CA45}"
EndProject
Project("{9A19103F-16F7-4668-BE54-9A1E7A4F7556}") = "BaseArch.Infrastructure.StaticMultilingualProvider", "BaseArch.Infrastructures\BaseArch.Infrastructure.StaticMultilingualProvider\BaseArch.Infrastructure.StaticMultilingualProvider.csproj", "{8283C9A3-4121-4698-835D-6CEB89930D35}"
EndProject
Project("{9A19103F-16F7-4668-BE54-9A1E7A4F7556}") = "BaseArch.Application", "BaseArch.Applications\BaseArch.Application\BaseArch.Application.csproj", "{51EC2161-F833-4CA1-AA6D-71F4AD716AF3}"
EndProject
Project("{9A19103F-16F7-4668-BE54-9A1E7A4F7556}") = "BaseArch.Application.AutoMapper", "BaseArch.Applications\BaseArch.Application.AutoMapper\BaseArch.Application.AutoMapper.csproj", "{EC15F5A9-C5B1-4328-8245-9E81B7017716}"
EndProject
Project("{9A19103F-16F7-4668-BE54-9A1E7A4F7556}") = "BaseArch.Presentation", "BaseArch.Presentations\BaseArch.Presentation\BaseArch.Presentation.csproj", "{A33074E1-3DA0-4A20-A8ED-E041DEA99B0F}"
EndProject
Project("{9A19103F-16F7-4668-BE54-9A1E7A4F7556}") = "BaseArch.Application.FluentValidation", "BaseArch.Applications\BaseArch.Application.FluentValidation\BaseArch.Application.FluentValidation.csproj", "{AB059FC4-143F-41FD-91DD-8C7B901F7A24}"
EndProject
Project("{9A19103F-16F7-4668-BE54-9A1E7A4F7556}") = "BaseArch.Infrastructure.Serilog", "BaseArch.Infrastructures\BaseArch.Infrastructure.Serilog\BaseArch.Infrastructure.Serilog.csproj", "{FEC579C0-EF78-4C86-88AC-F59118E0588F}"
EndProject
Project("{E53339B2-1760-4266-BCC7-CA923CBCF16C}") = "docker-compose", "docker-compose.dcproj", "{CDAABA4C-A13B-47FE-9951-F35EFA3DB931}"
EndProject
Global
	GlobalSection(SolutionConfigurationPlatforms) = preSolution
		Debug|Any CPU = Debug|Any CPU
		Release|Any CPU = Release|Any CPU
	EndGlobalSection
	GlobalSection(ProjectConfigurationPlatforms) = postSolution
		{1871DBC8-F584-4F55-B0DE-1A7AFC3A1944}.Debug|Any CPU.ActiveCfg = Debug|Any CPU
		{1871DBC8-F584-4F55-B0DE-1A7AFC3A1944}.Debug|Any CPU.Build.0 = Debug|Any CPU
		{1871DBC8-F584-4F55-B0DE-1A7AFC3A1944}.Release|Any CPU.ActiveCfg = Release|Any CPU
		{1871DBC8-F584-4F55-B0DE-1A7AFC3A1944}.Release|Any CPU.Build.0 = Release|Any CPU
		{94791682-291E-4EDE-9D59-995174EC95B3}.Debug|Any CPU.ActiveCfg = Debug|Any CPU
		{94791682-291E-4EDE-9D59-995174EC95B3}.Debug|Any CPU.Build.0 = Debug|Any CPU
		{94791682-291E-4EDE-9D59-995174EC95B3}.Release|Any CPU.ActiveCfg = Release|Any CPU
		{94791682-291E-4EDE-9D59-995174EC95B3}.Release|Any CPU.Build.0 = Release|Any CPU
		{F70F1057-AE75-4B4C-B0F6-0307037685B3}.Debug|Any CPU.ActiveCfg = Debug|Any CPU
		{F70F1057-AE75-4B4C-B0F6-0307037685B3}.Debug|Any CPU.Build.0 = Debug|Any CPU
		{F70F1057-AE75-4B4C-B0F6-0307037685B3}.Release|Any CPU.ActiveCfg = Release|Any CPU
		{F70F1057-AE75-4B4C-B0F6-0307037685B3}.Release|Any CPU.Build.0 = Release|Any CPU
		{591788D3-06F1-42BC-93EF-CAF933011B90}.Debug|Any CPU.ActiveCfg = Debug|Any CPU
		{591788D3-06F1-42BC-93EF-CAF933011B90}.Debug|Any CPU.Build.0 = Debug|Any CPU
		{591788D3-06F1-42BC-93EF-CAF933011B90}.Release|Any CPU.ActiveCfg = Release|Any CPU
		{591788D3-06F1-42BC-93EF-CAF933011B90}.Release|Any CPU.Build.0 = Release|Any CPU
		{B1B8EACD-81D6-4FF3-AC94-64E481450309}.Debug|Any CPU.ActiveCfg = Debug|Any CPU
		{B1B8EACD-81D6-4FF3-AC94-64E481450309}.Debug|Any CPU.Build.0 = Debug|Any CPU
		{B1B8EACD-81D6-4FF3-AC94-64E481450309}.Release|Any CPU.ActiveCfg = Release|Any CPU
		{B1B8EACD-81D6-4FF3-AC94-64E481450309}.Release|Any CPU.Build.0 = Release|Any CPU
		{53B8F34C-3CC3-472B-B5D6-A19708D10F8C}.Debug|Any CPU.ActiveCfg = Debug|Any CPU
		{53B8F34C-3CC3-472B-B5D6-A19708D10F8C}.Debug|Any CPU.Build.0 = Debug|Any CPU
		{53B8F34C-3CC3-472B-B5D6-A19708D10F8C}.Release|Any CPU.ActiveCfg = Release|Any CPU
		{53B8F34C-3CC3-472B-B5D6-A19708D10F8C}.Release|Any CPU.Build.0 = Release|Any CPU
		{06FC4612-CB5A-48E9-A05E-1EEEC29F0AE2}.Debug|Any CPU.ActiveCfg = Debug|Any CPU
		{06FC4612-CB5A-48E9-A05E-1EEEC29F0AE2}.Debug|Any CPU.Build.0 = Debug|Any CPU
		{06FC4612-CB5A-48E9-A05E-1EEEC29F0AE2}.Release|Any CPU.ActiveCfg = Release|Any CPU
		{06FC4612-CB5A-48E9-A05E-1EEEC29F0AE2}.Release|Any CPU.Build.0 = Release|Any CPU
		{C4260D2C-8E85-4364-BED3-E5BE4F36DD42}.Debug|Any CPU.ActiveCfg = Debug|Any CPU
		{C4260D2C-8E85-4364-BED3-E5BE4F36DD42}.Debug|Any CPU.Build.0 = Debug|Any CPU
		{C4260D2C-8E85-4364-BED3-E5BE4F36DD42}.Release|Any CPU.ActiveCfg = Release|Any CPU
		{C4260D2C-8E85-4364-BED3-E5BE4F36DD42}.Release|Any CPU.Build.0 = Release|Any CPU
		{013582FB-A170-4386-917D-A2C66D02E975}.Debug|Any CPU.ActiveCfg = Debug|Any CPU
		{013582FB-A170-4386-917D-A2C66D02E975}.Debug|Any CPU.Build.0 = Debug|Any CPU
		{013582FB-A170-4386-917D-A2C66D02E975}.Release|Any CPU.ActiveCfg = Release|Any CPU
		{013582FB-A170-4386-917D-A2C66D02E975}.Release|Any CPU.Build.0 = Release|Any CPU
		{57356C69-94C1-4AF8-B829-A8CC148B06A1}.Debug|Any CPU.ActiveCfg = Debug|Any CPU
		{57356C69-94C1-4AF8-B829-A8CC148B06A1}.Debug|Any CPU.Build.0 = Debug|Any CPU
		{57356C69-94C1-4AF8-B829-A8CC148B06A1}.Release|Any CPU.ActiveCfg = Release|Any CPU
		{57356C69-94C1-4AF8-B829-A8CC148B06A1}.Release|Any CPU.Build.0 = Release|Any CPU
		{945F55C0-D69A-4813-BC98-1E694FA92B30}.Debug|Any CPU.ActiveCfg = Debug|Any CPU
		{945F55C0-D69A-4813-BC98-1E694FA92B30}.Debug|Any CPU.Build.0 = Debug|Any CPU
		{945F55C0-D69A-4813-BC98-1E694FA92B30}.Release|Any CPU.ActiveCfg = Release|Any CPU
		{945F55C0-D69A-4813-BC98-1E694FA92B30}.Release|Any CPU.Build.0 = Release|Any CPU
		{33A027DB-B97D-42EF-9DEA-54A6CCA2CA45}.Debug|Any CPU.ActiveCfg = Debug|Any CPU
		{33A027DB-B97D-42EF-9DEA-54A6CCA2CA45}.Debug|Any CPU.Build.0 = Debug|Any CPU
		{33A027DB-B97D-42EF-9DEA-54A6CCA2CA45}.Release|Any CPU.ActiveCfg = Release|Any CPU
		{33A027DB-B97D-42EF-9DEA-54A6CCA2CA45}.Release|Any CPU.Build.0 = Release|Any CPU
		{8283C9A3-4121-4698-835D-6CEB89930D35}.Debug|Any CPU.ActiveCfg = Debug|Any CPU
		{8283C9A3-4121-4698-835D-6CEB89930D35}.Debug|Any CPU.Build.0 = Debug|Any CPU
		{8283C9A3-4121-4698-835D-6CEB89930D35}.Release|Any CPU.ActiveCfg = Release|Any CPU
		{8283C9A3-4121-4698-835D-6CEB89930D35}.Release|Any CPU.Build.0 = Release|Any CPU
		{51EC2161-F833-4CA1-AA6D-71F4AD716AF3}.Debug|Any CPU.ActiveCfg = Debug|Any CPU
		{51EC2161-F833-4CA1-AA6D-71F4AD716AF3}.Debug|Any CPU.Build.0 = Debug|Any CPU
		{51EC2161-F833-4CA1-AA6D-71F4AD716AF3}.Release|Any CPU.ActiveCfg = Release|Any CPU
		{51EC2161-F833-4CA1-AA6D-71F4AD716AF3}.Release|Any CPU.Build.0 = Release|Any CPU
		{EC15F5A9-C5B1-4328-8245-9E81B7017716}.Debug|Any CPU.ActiveCfg = Debug|Any CPU
		{EC15F5A9-C5B1-4328-8245-9E81B7017716}.Debug|Any CPU.Build.0 = Debug|Any CPU
		{EC15F5A9-C5B1-4328-8245-9E81B7017716}.Release|Any CPU.ActiveCfg = Release|Any CPU
		{EC15F5A9-C5B1-4328-8245-9E81B7017716}.Release|Any CPU.Build.0 = Release|Any CPU
		{A33074E1-3DA0-4A20-A8ED-E041DEA99B0F}.Debug|Any CPU.ActiveCfg = Debug|Any CPU
		{A33074E1-3DA0-4A20-A8ED-E041DEA99B0F}.Debug|Any CPU.Build.0 = Debug|Any CPU
		{A33074E1-3DA0-4A20-A8ED-E041DEA99B0F}.Release|Any CPU.ActiveCfg = Release|Any CPU
		{A33074E1-3DA0-4A20-A8ED-E041DEA99B0F}.Release|Any CPU.Build.0 = Release|Any CPU
		{AB059FC4-143F-41FD-91DD-8C7B901F7A24}.Debug|Any CPU.ActiveCfg = Debug|Any CPU
		{AB059FC4-143F-41FD-91DD-8C7B901F7A24}.Debug|Any CPU.Build.0 = Debug|Any CPU
		{AB059FC4-143F-41FD-91DD-8C7B901F7A24}.Release|Any CPU.ActiveCfg = Release|Any CPU
		{AB059FC4-143F-41FD-91DD-8C7B901F7A24}.Release|Any CPU.Build.0 = Release|Any CPU
		{FEC579C0-EF78-4C86-88AC-F59118E0588F}.Debug|Any CPU.ActiveCfg = Debug|Any CPU
		{FEC579C0-EF78-4C86-88AC-F59118E0588F}.Debug|Any CPU.Build.0 = Debug|Any CPU
		{FEC579C0-EF78-4C86-88AC-F59118E0588F}.Release|Any CPU.ActiveCfg = Release|Any CPU
		{FEC579C0-EF78-4C86-88AC-F59118E0588F}.Release|Any CPU.Build.0 = Release|Any CPU
		{CDAABA4C-A13B-47FE-9951-F35EFA3DB931}.Debug|Any CPU.ActiveCfg = Debug|Any CPU
		{CDAABA4C-A13B-47FE-9951-F35EFA3DB931}.Debug|Any CPU.Build.0 = Debug|Any CPU
		{CDAABA4C-A13B-47FE-9951-F35EFA3DB931}.Release|Any CPU.ActiveCfg = Release|Any CPU
		{CDAABA4C-A13B-47FE-9951-F35EFA3DB931}.Release|Any CPU.Build.0 = Release|Any CPU
	EndGlobalSection
	GlobalSection(SolutionProperties) = preSolution
		HideSolutionNode = FALSE
	EndGlobalSection
	GlobalSection(NestedProjects) = preSolution
		{1871DBC8-F584-4F55-B0DE-1A7AFC3A1944} = {9444318B-A5E1-47EC-A87A-987D81C54F0B}
		{94791682-291E-4EDE-9D59-995174EC95B3} = {9444318B-A5E1-47EC-A87A-987D81C54F0B}
		{F70F1057-AE75-4B4C-B0F6-0307037685B3} = {9444318B-A5E1-47EC-A87A-987D81C54F0B}
		{591788D3-06F1-42BC-93EF-CAF933011B90} = {9444318B-A5E1-47EC-A87A-987D81C54F0B}
		{B1B8EACD-81D6-4FF3-AC94-64E481450309} = {9444318B-A5E1-47EC-A87A-987D81C54F0B}
		{06FC4612-CB5A-48E9-A05E-1EEEC29F0AE2} = {9B09A6DE-5435-48D8-B519-B55AEED5FE31}
		{C4260D2C-8E85-4364-BED3-E5BE4F36DD42} = {9B09A6DE-5435-48D8-B519-B55AEED5FE31}
		{013582FB-A170-4386-917D-A2C66D02E975} = {EC73A8D8-EB64-414B-8D5D-79F54CC71151}
		{57356C69-94C1-4AF8-B829-A8CC148B06A1} = {EC73A8D8-EB64-414B-8D5D-79F54CC71151}
		{945F55C0-D69A-4813-BC98-1E694FA92B30} = {9B09A6DE-5435-48D8-B519-B55AEED5FE31}
		{33A027DB-B97D-42EF-9DEA-54A6CCA2CA45} = {9B09A6DE-5435-48D8-B519-B55AEED5FE31}
		{8283C9A3-4121-4698-835D-6CEB89930D35} = {9B09A6DE-5435-48D8-B519-B55AEED5FE31}
		{51EC2161-F833-4CA1-AA6D-71F4AD716AF3} = {79EA6F2B-EEBC-4E99-8F5B-D4E5435E7BD8}
		{EC15F5A9-C5B1-4328-8245-9E81B7017716} = {79EA6F2B-EEBC-4E99-8F5B-D4E5435E7BD8}
		{A33074E1-3DA0-4A20-A8ED-E041DEA99B0F} = {EC73A8D8-EB64-414B-8D5D-79F54CC71151}
		{AB059FC4-143F-41FD-91DD-8C7B901F7A24} = {79EA6F2B-EEBC-4E99-8F5B-D4E5435E7BD8}
		{FEC579C0-EF78-4C86-88AC-F59118E0588F} = {9B09A6DE-5435-48D8-B519-B55AEED5FE31}
	EndGlobalSection
	GlobalSection(ExtensibilityGlobals) = postSolution
		SolutionGuid = {823F0681-1885-4084-B08B-59027153C012}
	EndGlobalSection
EndGlobal
